// !$*UTF8*$!
{
	archiveVersion = 1;
	classes = {
	};
	objectVersion = 56;
	objects = {

/* Begin PBXBuildFile section */
		C31C94972BB7D50A00C8B209 /* AddProductViewController.swift in Sources */ = {isa = PBXBuildFile; fileRef = C31C94962BB7D50A00C8B209 /* AddProductViewController.swift */; };
		C31C94992BB7FF5800C8B209 /* ProductEndPoint.swift in Sources */ = {isa = PBXBuildFile; fileRef = C31C94982BB7FF5800C8B209 /* ProductEndPoint.swift */; };
		C33022512BB69A12002EE36A /* EndPointType.swift in Sources */ = {isa = PBXBuildFile; fileRef = C33022502BB69A12002EE36A /* EndPointType.swift */; };
		C337218F2BB45A99006FF8B6 /* ProductTableViewCell.swift in Sources */ = {isa = PBXBuildFile; fileRef = C337218D2BB45A99006FF8B6 /* ProductTableViewCell.swift */; };
		C33721902BB45A99006FF8B6 /* ProductTableViewCell.xib in Resources */ = {isa = PBXBuildFile; fileRef = C337218E2BB45A99006FF8B6 /* ProductTableViewCell.xib */; };
		C3B094BE2BB32A78007016B9 /* AppDelegate.swift in Sources */ = {isa = PBXBuildFile; fileRef = C3B094BD2BB32A78007016B9 /* AppDelegate.swift */; };
		C3B094C02BB32A78007016B9 /* SceneDelegate.swift in Sources */ = {isa = PBXBuildFile; fileRef = C3B094BF2BB32A78007016B9 /* SceneDelegate.swift */; };
		C3B094C52BB32A78007016B9 /* Main.storyboard in Resources */ = {isa = PBXBuildFile; fileRef = C3B094C32BB32A78007016B9 /* Main.storyboard */; };
		C3B094C72BB32A7A007016B9 /* Assets.xcassets in Resources */ = {isa = PBXBuildFile; fileRef = C3B094C62BB32A7A007016B9 /* Assets.xcassets */; };
		C3B094CA2BB32A7A007016B9 /* LaunchScreen.storyboard in Resources */ = {isa = PBXBuildFile; fileRef = C3B094C82BB32A7A007016B9 /* LaunchScreen.storyboard */; };
		C3B094DC2BB32EDD007016B9 /* Product.swift in Sources */ = {isa = PBXBuildFile; fileRef = C3B094DB2BB32EDD007016B9 /* Product.swift */; };
		C3B094DE2BB32F9B007016B9 /* APIManager.swift in Sources */ = {isa = PBXBuildFile; fileRef = C3B094DD2BB32F9B007016B9 /* APIManager.swift */; };
		C3B094E02BB33B83007016B9 /* Constant.swift in Sources */ = {isa = PBXBuildFile; fileRef = C3B094DF2BB33B83007016B9 /* Constant.swift */; };
		C3B094E22BB345E6007016B9 /* ProductListViewController.swift in Sources */ = {isa = PBXBuildFile; fileRef = C3B094E12BB345E6007016B9 /* ProductListViewController.swift */; };
		C3B094E42BB347A2007016B9 /* ProductViewModel.swift in Sources */ = {isa = PBXBuildFile; fileRef = C3B094E32BB347A2007016B9 /* ProductViewModel.swift */; };
/* End PBXBuildFile section */

/* Begin PBXFileReference section */
		C31C94962BB7D50A00C8B209 /* AddProductViewController.swift */ = {isa = PBXFileReference; lastKnownFileType = sourcecode.swift; path = AddProductViewController.swift; sourceTree = "<group>"; };
		C31C94982BB7FF5800C8B209 /* ProductEndPoint.swift */ = {isa = PBXFileReference; lastKnownFileType = sourcecode.swift; path = ProductEndPoint.swift; sourceTree = "<group>"; };
		C33022502BB69A12002EE36A /* EndPointType.swift */ = {isa = PBXFileReference; lastKnownFileType = sourcecode.swift; path = EndPointType.swift; sourceTree = "<group>"; };
		C337218D2BB45A99006FF8B6 /* ProductTableViewCell.swift */ = {isa = PBXFileReference; lastKnownFileType = sourcecode.swift; path = ProductTableViewCell.swift; sourceTree = "<group>"; };
		C337218E2BB45A99006FF8B6 /* ProductTableViewCell.xib */ = {isa = PBXFileReference; lastKnownFileType = file.xib; path = ProductTableViewCell.xib; sourceTree = "<group>"; };
		C3B094BA2BB32A78007016B9 /* MVVMProject.app */ = {isa = PBXFileReference; explicitFileType = wrapper.application; includeInIndex = 0; path = MVVMProject.app; sourceTree = BUILT_PRODUCTS_DIR; };
		C3B094BD2BB32A78007016B9 /* AppDelegate.swift */ = {isa = PBXFileReference; lastKnownFileType = sourcecode.swift; path = AppDelegate.swift; sourceTree = "<group>"; };
		C3B094BF2BB32A78007016B9 /* SceneDelegate.swift */ = {isa = PBXFileReference; lastKnownFileType = sourcecode.swift; path = SceneDelegate.swift; sourceTree = "<group>"; };
		C3B094C42BB32A78007016B9 /* Base */ = {isa = PBXFileReference; lastKnownFileType = file.storyboard; name = Base; path = Base.lproj/Main.storyboard; sourceTree = "<group>"; };
		C3B094C62BB32A7A007016B9 /* Assets.xcassets */ = {isa = PBXFileReference; lastKnownFileType = folder.assetcatalog; path = Assets.xcassets; sourceTree = "<group>"; };
		C3B094C92BB32A7A007016B9 /* Base */ = {isa = PBXFileReference; lastKnownFileType = file.storyboard; name = Base; path = Base.lproj/LaunchScreen.storyboard; sourceTree = "<group>"; };
		C3B094CB2BB32A7A007016B9 /* Info.plist */ = {isa = PBXFileReference; lastKnownFileType = text.plist.xml; path = Info.plist; sourceTree = "<group>"; };
		C3B094DB2BB32EDD007016B9 /* Product.swift */ = {isa = PBXFileReference; lastKnownFileType = sourcecode.swift; path = Product.swift; sourceTree = "<group>"; };
		C3B094DD2BB32F9B007016B9 /* APIManager.swift */ = {isa = PBXFileReference; lastKnownFileType = sourcecode.swift; path = APIManager.swift; sourceTree = "<group>"; };
		C3B094DF2BB33B83007016B9 /* Constant.swift */ = {isa = PBXFileReference; lastKnownFileType = sourcecode.swift; path = Constant.swift; sourceTree = "<group>"; };
		C3B094E12BB345E6007016B9 /* ProductListViewController.swift */ = {isa = PBXFileReference; lastKnownFileType = sourcecode.swift; path = ProductListViewController.swift; sourceTree = "<group>"; };
		C3B094E32BB347A2007016B9 /* ProductViewModel.swift */ = {isa = PBXFileReference; lastKnownFileType = sourcecode.swift; path = ProductViewModel.swift; sourceTree = "<group>"; };
/* End PBXFileReference section */

/* Begin PBXFrameworksBuildPhase section */
		C3B094B72BB32A78007016B9 /* Frameworks */ = {
			isa = PBXFrameworksBuildPhase;
			buildActionMask = 2147483647;
			files = (
			);
			runOnlyForDeploymentPostprocessing = 0;
		};
/* End PBXFrameworksBuildPhase section */

/* Begin PBXGroup section */
		C330224F2BB69864002EE36A /* Utility */ = {
			isa = PBXGroup;
			children = (
				C33022502BB69A12002EE36A /* EndPointType.swift */,
				C31C94982BB7FF5800C8B209 /* ProductEndPoint.swift */,
			);
			path = Utility;
			sourceTree = "<group>";
		};
		C3B094B12BB32A78007016B9 = {
			isa = PBXGroup;
			children = (
				C3B094BC2BB32A78007016B9 /* MVVMProject */,
				C3B094BB2BB32A78007016B9 /* Products */,
			);
			sourceTree = "<group>";
		};
		C3B094BB2BB32A78007016B9 /* Products */ = {
			isa = PBXGroup;
			children = (
				C3B094BA2BB32A78007016B9 /* MVVMProject.app */,
			);
			name = Products;
			sourceTree = "<group>";
		};
		C3B094BC2BB32A78007016B9 /* MVVMProject */ = {
			isa = PBXGroup;
			children = (
				C3B094D72BB32AD8007016B9 /* Applicaiton */,
				C3B094D62BB32AD3007016B9 /* Constant */,
				C3B094D52BB32AD0007016B9 /* Extension */,
				C330224F2BB69864002EE36A /* Utility */,
				C3B094D42BB32ACB007016B9 /* Helper */,
				C3B094D32BB32AC8007016B9 /* Screens */,
				C3B094D22BB32AC4007016B9 /* Storyboard */,
				C3B094D12BB32ABE007016B9 /* Resources */,
				C3B094CB2BB32A7A007016B9 /* Info.plist */,
			);
			path = MVVMProject;
			sourceTree = "<group>";
		};
		C3B094D12BB32ABE007016B9 /* Resources */ = {
			isa = PBXGroup;
			children = (
				C3B094C62BB32A7A007016B9 /* Assets.xcassets */,
			);
			path = Resources;
			sourceTree = "<group>";
		};
		C3B094D22BB32AC4007016B9 /* Storyboard */ = {
			isa = PBXGroup;
			children = (
				C3B094C32BB32A78007016B9 /* Main.storyboard */,
				C3B094C82BB32A7A007016B9 /* LaunchScreen.storyboard */,
			);
			path = Storyboard;
			sourceTree = "<group>";
		};
		C3B094D32BB32AC8007016B9 /* Screens */ = {
			isa = PBXGroup;
			children = (
				C3B094DA2BB32BF7007016B9 /* ViewModel */,
				C3B094D92BB32BF3007016B9 /* View */,
				C3B094D82BB32BEF007016B9 /* Model */,
			);
			path = Screens;
			sourceTree = "<group>";
		};
		C3B094D42BB32ACB007016B9 /* Helper */ = {
			isa = PBXGroup;
			children = (
				C3B094DD2BB32F9B007016B9 /* APIManager.swift */,
			);
			path = Helper;
			sourceTree = "<group>";
		};
		C3B094D52BB32AD0007016B9 /* Extension */ = {
			isa = PBXGroup;
			children = (
			);
			path = Extension;
			sourceTree = "<group>";
		};
		C3B094D62BB32AD3007016B9 /* Constant */ = {
			isa = PBXGroup;
			children = (
				C3B094DF2BB33B83007016B9 /* Constant.swift */,
			);
			path = Constant;
			sourceTree = "<group>";
		};
		C3B094D72BB32AD8007016B9 /* Applicaiton */ = {
			isa = PBXGroup;
			children = (
				C3B094BD2BB32A78007016B9 /* AppDelegate.swift */,
				C3B094BF2BB32A78007016B9 /* SceneDelegate.swift */,
			);
			path = Applicaiton;
			sourceTree = "<group>";
		};
		C3B094D82BB32BEF007016B9 /* Model */ = {
			isa = PBXGroup;
			children = (
				C3B094DB2BB32EDD007016B9 /* Product.swift */,
			);
			path = Model;
			sourceTree = "<group>";
		};
		C3B094D92BB32BF3007016B9 /* View */ = {
			isa = PBXGroup;
			children = (
				C3B094E12BB345E6007016B9 /* ProductListViewController.swift */,
				C337218D2BB45A99006FF8B6 /* ProductTableViewCell.swift */,
				C337218E2BB45A99006FF8B6 /* ProductTableViewCell.xib */,
				C31C94962BB7D50A00C8B209 /* AddProductViewController.swift */,
			);
			path = View;
			sourceTree = "<group>";
		};
		C3B094DA2BB32BF7007016B9 /* ViewModel */ = {
			isa = PBXGroup;
			children = (
				C3B094E32BB347A2007016B9 /* ProductViewModel.swift */,
			);
			path = ViewModel;
			sourceTree = "<group>";
		};
/* End PBXGroup section */

/* Begin PBXNativeTarget section */
		C3B094B92BB32A78007016B9 /* MVVMProject */ = {
			isa = PBXNativeTarget;
			buildConfigurationList = C3B094CE2BB32A7A007016B9 /* Build configuration list for PBXNativeTarget "MVVMProject" */;
			buildPhases = (
				C3B094B62BB32A78007016B9 /* Sources */,
				C3B094B72BB32A78007016B9 /* Frameworks */,
				C3B094B82BB32A78007016B9 /* Resources */,
			);
			buildRules = (
			);
			dependencies = (
			);
			name = MVVMProject;
			productName = MVVMProject;
			productReference = C3B094BA2BB32A78007016B9 /* MVVMProject.app */;
			productType = "com.apple.product-type.application";
		};
/* End PBXNativeTarget section */

/* Begin PBXProject section */
		C3B094B22BB32A78007016B9 /* Project object */ = {
			isa = PBXProject;
			attributes = {
				BuildIndependentTargetsInParallel = 1;
				LastSwiftUpdateCheck = 1520;
				LastUpgradeCheck = 1520;
				TargetAttributes = {
					C3B094B92BB32A78007016B9 = {
						CreatedOnToolsVersion = 15.2;
					};
				};
			};
			buildConfigurationList = C3B094B52BB32A78007016B9 /* Build configuration list for PBXProject "MVVMProject" */;
			compatibilityVersion = "Xcode 14.0";
			developmentRegion = en;
			hasScannedForEncodings = 0;
			knownRegions = (
				en,
				Base,
			);
			mainGroup = C3B094B12BB32A78007016B9;
			productRefGroup = C3B094BB2BB32A78007016B9 /* Products */;
			projectDirPath = "";
			projectRoot = "";
			targets = (
				C3B094B92BB32A78007016B9 /* MVVMProject */,
			);
		};
/* End PBXProject section */

/* Begin PBXResourcesBuildPhase section */
		C3B094B82BB32A78007016B9 /* Resources */ = {
			isa = PBXResourcesBuildPhase;
			buildActionMask = 2147483647;
			files = (
				C3B094CA2BB32A7A007016B9 /* LaunchScreen.storyboard in Resources */,
				C33721902BB45A99006FF8B6 /* ProductTableViewCell.xib in Resources */,
				C3B094C72BB32A7A007016B9 /* Assets.xcassets in Resources */,
				C3B094C52BB32A78007016B9 /* Main.storyboard in Resources */,
			);
			runOnlyForDeploymentPostprocessing = 0;
		};
/* End PBXResourcesBuildPhase section */

/* Begin PBXSourcesBuildPhase section */
		C3B094B62BB32A78007016B9 /* Sources */ = {
			isa = PBXSourcesBuildPhase;
			buildActionMask = 2147483647;
			files = (
				C3B094E42BB347A2007016B9 /* ProductViewModel.swift in Sources */,
				C337218F2BB45A99006FF8B6 /* ProductTableViewCell.swift in Sources */,
				C31C94972BB7D50A00C8B209 /* AddProductViewController.swift in Sources */,
				C31C94992BB7FF5800C8B209 /* ProductEndPoint.swift in Sources */,
				C33022512BB69A12002EE36A /* EndPointType.swift in Sources */,
				C3B094E22BB345E6007016B9 /* ProductListViewController.swift in Sources */,
				C3B094DE2BB32F9B007016B9 /* APIManager.swift in Sources */,
				C3B094BE2BB32A78007016B9 /* AppDelegate.swift in Sources */,
				C3B094E02BB33B83007016B9 /* Constant.swift in Sources */,
				C3B094C02BB32A78007016B9 /* SceneDelegate.swift in Sources */,
				C3B094DC2BB32EDD007016B9 /* Product.swift in Sources */,
			);
			runOnlyForDeploymentPostprocessing = 0;
		};
/* End PBXSourcesBuildPhase section */

/* Begin PBXVariantGroup section */
		C3B094C32BB32A78007016B9 /* Main.storyboard */ = {
			isa = PBXVariantGroup;
			children = (
				C3B094C42BB32A78007016B9 /* Base */,
			);
			name = Main.storyboard;
			sourceTree = "<group>";
		};
		C3B094C82BB32A7A007016B9 /* LaunchScreen.storyboard */ = {
			isa = PBXVariantGroup;
			children = (
				C3B094C92BB32A7A007016B9 /* Base */,
			);
			name = LaunchScreen.storyboard;
			sourceTree = "<group>";
		};
/* End PBXVariantGroup section */

/* Begin XCBuildConfiguration section */
		C3B094CC2BB32A7A007016B9 /* Debug */ = {
			isa = XCBuildConfiguration;
			buildSettings = {
				ALWAYS_SEARCH_USER_PATHS = NO;
				ASSETCATALOG_COMPILER_GENERATE_SWIFT_ASSET_SYMBOL_EXTENSIONS = YES;
				CLANG_ANALYZER_NONNULL = YES;
				CLANG_ANALYZER_NUMBER_OBJECT_CONVERSION = YES_AGGRESSIVE;
				CLANG_CXX_LANGUAGE_STANDARD = "gnu++20";
				CLANG_ENABLE_MODULES = YES;
				CLANG_ENABLE_OBJC_ARC = YES;
				CLANG_ENABLE_OBJC_WEAK = YES;
				CLANG_WARN_BLOCK_CAPTURE_AUTORELEASING = YES;
				CLANG_WARN_BOOL_CONVERSION = YES;
				CLANG_WARN_COMMA = YES;
				CLANG_WARN_CONSTANT_CONVERSION = YES;
				CLANG_WARN_DEPRECATED_OBJC_IMPLEMENTATIONS = YES;
				CLANG_WARN_DIRECT_OBJC_ISA_USAGE = YES_ERROR;
				CLANG_WARN_DOCUMENTATION_COMMENTS = YES;
				CLANG_WARN_EMPTY_BODY = YES;
				CLANG_WARN_ENUM_CONVERSION = YES;
				CLANG_WARN_INFINITE_RECURSION = YES;
				CLANG_WARN_INT_CONVERSION = YES;
				CLANG_WARN_NON_LITERAL_NULL_CONVERSION = YES;
				CLANG_WARN_OBJC_IMPLICIT_RETAIN_SELF = YES;
				CLANG_WARN_OBJC_LITERAL_CONVERSION = YES;
				CLANG_WARN_OBJC_ROOT_CLASS = YES_ERROR;
				CLANG_WARN_QUOTED_INCLUDE_IN_FRAMEWORK_HEADER = YES;
				CLANG_WARN_RANGE_LOOP_ANALYSIS = YES;
				CLANG_WARN_STRICT_PROTOTYPES = YES;
				CLANG_WARN_SUSPICIOUS_MOVE = YES;
				CLANG_WARN_UNGUARDED_AVAILABILITY = YES_AGGRESSIVE;
				CLANG_WARN_UNREACHABLE_CODE = YES;
				CLANG_WARN__DUPLICATE_METHOD_MATCH = YES;
				COPY_PHASE_STRIP = NO;
				DEBUG_INFORMATION_FORMAT = dwarf;
				ENABLE_STRICT_OBJC_MSGSEND = YES;
				ENABLE_TESTABILITY = YES;
				ENABLE_USER_SCRIPT_SANDBOXING = YES;
				GCC_C_LANGUAGE_STANDARD = gnu17;
				GCC_DYNAMIC_NO_PIC = NO;
				GCC_NO_COMMON_BLOCKS = YES;
				GCC_OPTIMIZATION_LEVEL = 0;
				GCC_PREPROCESSOR_DEFINITIONS = (
					"DEBUG=1",
					"$(inherited)",
				);
				GCC_WARN_64_TO_32_BIT_CONVERSION = YES;
				GCC_WARN_ABOUT_RETURN_TYPE = YES_ERROR;
				GCC_WARN_UNDECLARED_SELECTOR = YES;
				GCC_WARN_UNINITIALIZED_AUTOS = YES_AGGRESSIVE;
				GCC_WARN_UNUSED_FUNCTION = YES;
				GCC_WARN_UNUSED_VARIABLE = YES;
				IPHONEOS_DEPLOYMENT_TARGET = 17.2;
				LOCALIZATION_PREFERS_STRING_CATALOGS = YES;
				MTL_ENABLE_DEBUG_INFO = INCLUDE_SOURCE;
				MTL_FAST_MATH = YES;
				ONLY_ACTIVE_ARCH = YES;
				SDKROOT = iphoneos;
				SWIFT_ACTIVE_COMPILATION_CONDITIONS = "DEBUG $(inherited)";
				SWIFT_OPTIMIZATION_LEVEL = "-Onone";
			};
			name = Debug;
		};
		C3B094CD2BB32A7A007016B9 /* Release */ = {
			isa = XCBuildConfiguration;
			buildSettings = {
				ALWAYS_SEARCH_USER_PATHS = NO;
				ASSETCATALOG_COMPILER_GENERATE_SWIFT_ASSET_SYMBOL_EXTENSIONS = YES;
				CLANG_ANALYZER_NONNULL = YES;
				CLANG_ANALYZER_NUMBER_OBJECT_CONVERSION = YES_AGGRESSIVE;
				CLANG_CXX_LANGUAGE_STANDARD = "gnu++20";
				CLANG_ENABLE_MODULES = YES;
				CLANG_ENABLE_OBJC_ARC = YES;
				CLANG_ENABLE_OBJC_WEAK = YES;
				CLANG_WARN_BLOCK_CAPTURE_AUTORELEASING = YES;
				CLANG_WARN_BOOL_CONVERSION = YES;
				CLANG_WARN_COMMA = YES;
				CLANG_WARN_CONSTANT_CONVERSION = YES;
				CLANG_WARN_DEPRECATED_OBJC_IMPLEMENTATIONS = YES;
				CLANG_WARN_DIRECT_OBJC_ISA_USAGE = YES_ERROR;
				CLANG_WARN_DOCUMENTATION_COMMENTS = YES;
				CLANG_WARN_EMPTY_BODY = YES;
				CLANG_WARN_ENUM_CONVERSION = YES;
				CLANG_WARN_INFINITE_RECURSION = YES;
				CLANG_WARN_INT_CONVERSION = YES;
				CLANG_WARN_NON_LITERAL_NULL_CONVERSION = YES;
				CLANG_WARN_OBJC_IMPLICIT_RETAIN_SELF = YES;
				CLANG_WARN_OBJC_LITERAL_CONVERSION = YES;
				CLANG_WARN_OBJC_ROOT_CLASS = YES_ERROR;
				CLANG_WARN_QUOTED_INCLUDE_IN_FRAMEWORK_HEADER = YES;
				CLANG_WARN_RANGE_LOOP_ANALYSIS = YES;
				CLANG_WARN_STRICT_PROTOTYPES = YES;
				CLANG_WARN_SUSPICIOUS_MOVE = YES;
				CLANG_WARN_UNGUARDED_AVAILABILITY = YES_AGGRESSIVE;
				CLANG_WARN_UNREACHABLE_CODE = YES;
				CLANG_WARN__DUPLICATE_METHOD_MATCH = YES;
				COPY_PHASE_STRIP = NO;
				DEBUG_INFORMATION_FORMAT = "dwarf-with-dsym";
				ENABLE_NS_ASSERTIONS = NO;
				ENABLE_STRICT_OBJC_MSGSEND = YES;
				ENABLE_USER_SCRIPT_SANDBOXING = YES;
				GCC_C_LANGUAGE_STANDARD = gnu17;
				GCC_NO_COMMON_BLOCKS = YES;
				GCC_WARN_64_TO_32_BIT_CONVERSION = YES;
				GCC_WARN_ABOUT_RETURN_TYPE = YES_ERROR;
				GCC_WARN_UNDECLARED_SELECTOR = YES;
				GCC_WARN_UNINITIALIZED_AUTOS = YES_AGGRESSIVE;
				GCC_WARN_UNUSED_FUNCTION = YES;
				GCC_WARN_UNUSED_VARIABLE = YES;
				IPHONEOS_DEPLOYMENT_TARGET = 17.2;
				LOCALIZATION_PREFERS_STRING_CATALOGS = YES;
				MTL_ENABLE_DEBUG_INFO = NO;
				MTL_FAST_MATH = YES;
				SDKROOT = iphoneos;
				SWIFT_COMPILATION_MODE = wholemodule;
				VALIDATE_PRODUCT = YES;
			};
			name = Release;
		};
		C3B094CF2BB32A7A007016B9 /* Debug */ = {
			isa = XCBuildConfiguration;
			buildSettings = {
				ASSETCATALOG_COMPILER_APPICON_NAME = AppIcon;
				ASSETCATALOG_COMPILER_GLOBAL_ACCENT_COLOR_NAME = AccentColor;
				CODE_SIGN_STYLE = Automatic;
				CURRENT_PROJECT_VERSION = 1;
				DEVELOPMENT_TEAM = V7HXA2PHX8;
				GENERATE_INFOPLIST_FILE = YES;
				INFOPLIST_FILE = MVVMProject/Info.plist;
				INFOPLIST_KEY_UIApplicationSupportsIndirectInputEvents = YES;
				INFOPLIST_KEY_UILaunchStoryboardName = LaunchScreen;
				INFOPLIST_KEY_UIMainStoryboardFile = Main;
				INFOPLIST_KEY_UISupportedInterfaceOrientations_iPad = "UIInterfaceOrientationPortrait UIInterfaceOrientationPortraitUpsideDown UIInterfaceOrientationLandscapeLeft UIInterfaceOrientationLandscapeRight";
				INFOPLIST_KEY_UISupportedInterfaceOrientations_iPhone = "UIInterfaceOrientationPortrait UIInterfaceOrientationLandscapeLeft UIInterfaceOrientationLandscapeRight";
				LD_RUNPATH_SEARCH_PATHS = (
					"$(inherited)",
					"@executable_path/Frameworks",
				);
				MARKETING_VERSION = 1.0;
				PRODUCT_BUNDLE_IDENTIFIER = mithun.MVVMProject;
				PRODUCT_NAME = "$(TARGET_NAME)";
				SWIFT_EMIT_LOC_STRINGS = YES;
				SWIFT_VERSION = 5.0;
				TARGETED_DEVICE_FAMILY = "1,2";
			};
			name = Debug;
		};
		C3B094D02BB32A7A007016B9 /* Release */ = {
			isa = XCBuildConfiguration;
			buildSettings = {
				ASSETCATALOG_COMPILER_APPICON_NAME = AppIcon;
				ASSETCATALOG_COMPILER_GLOBAL_ACCENT_COLOR_NAME = AccentColor;
				CODE_SIGN_STYLE = Automatic;
				CURRENT_PROJECT_VERSION = 1;
				DEVELOPMENT_TEAM = V7HXA2PHX8;
				GENERATE_INFOPLIST_FILE = YES;
				INFOPLIST_FILE = MVVMProject/Info.plist;
				INFOPLIST_KEY_UIApplicationSupportsIndirectInputEvents = YES;
				INFOPLIST_KEY_UILaunchStoryboardName = LaunchScreen;
				INFOPLIST_KEY_UIMainStoryboardFile = Main;
				INFOPLIST_KEY_UISupportedInterfaceOrientations_iPad = "UIInterfaceOrientationPortrait UIInterfaceOrientationPortraitUpsideDown UIInterfaceOrientationLandscapeLeft UIInterfaceOrientationLandscapeRight";
				INFOPLIST_KEY_UISupportedInterfaceOrientations_iPhone = "UIInterfaceOrientationPortrait UIInterfaceOrientationLandscapeLeft UIInterfaceOrientationLandscapeRight";
				LD_RUNPATH_SEARCH_PATHS = (
					"$(inherited)",
					"@executable_path/Frameworks",
				);
				MARKETING_VERSION = 1.0;
				PRODUCT_BUNDLE_IDENTIFIER = mithun.MVVMProject;
				PRODUCT_NAME = "$(TARGET_NAME)";
				SWIFT_EMIT_LOC_STRINGS = YES;
				SWIFT_VERSION = 5.0;
				TARGETED_DEVICE_FAMILY = "1,2";
			};
			name = Release;
		};
/* End XCBuildConfiguration section */

/* Begin XCConfigurationList section */
		C3B094B52BB32A78007016B9 /* Build configuration list for PBXProject "MVVMProject" */ = {
			isa = XCConfigurationList;
			buildConfigurations = (
				C3B094CC2BB32A7A007016B9 /* Debug */,
				C3B094CD2BB32A7A007016B9 /* Release */,
			);
			defaultConfigurationIsVisible = 0;
			defaultConfigurationName = Release;
		};
		C3B094CE2BB32A7A007016B9 /* Build configuration list for PBXNativeTarget "MVVMProject" */ = {
			isa = XCConfigurationList;
			buildConfigurations = (
				C3B094CF2BB32A7A007016B9 /* Debug */,
				C3B094D02BB32A7A007016B9 /* Release */,
			);
			defaultConfigurationIsVisible = 0;
			defaultConfigurationName = Release;
		};
/* End XCConfigurationList section */
	};
	rootObject = C3B094B22BB32A78007016B9 /* Project object */;
}
